
Microsoft Visual Studio Solution File, Format Version 12.00
# Visual Studio Version 16
VisualStudioVersion = 16.0.31005.135
MinimumVisualStudioVersion = 10.0.40219.1
Project("{8BC9CEB8-8B4A-11D0-8D11-00A0C91BC942}") = "lab4", "lab4\lab4.vcxproj", "{3517E05C-E98E-4CBA-AF4D-FB86CDB69920}"
EndProject
Global
	GlobalSection(SolutionConfigurationPlatforms) = preSolution
		Debug|x64 = Debug|x64
		Debug|x86 = Debug|x86
		Release|x64 = Release|x64
		Release|x86 = Release|x86
	EndGlobalSection
	GlobalSection(ProjectConfigurationPlatforms) = postSolution
		{3517E05C-E98E-4CBA-AF4D-FB86CDB69920}.Debug|x64.ActiveCfg = Debug|x64
		{3517E05C-E98E-4CBA-AF4D-FB86CDB69920}.Debug|x64.Build.0 = Debug|x64
		{3517E05C-E98E-4CBA-AF4D-FB86CDB69920}.Debug|x86.ActiveCfg = Debug|Win32
		{3517E05C-E98E-4CBA-AF4D-FB86CDB69920}.Debug|x86.Build.0 = Debug|Win32
		{3517E05C-E98E-4CBA-AF4D-FB86CDB69920}.Release|x64.ActiveCfg = Release|x64
		{3517E05C-E98E-4CBA-AF4D-FB86CDB69920}.Release|x64.Build.0 = Release|x64
		{3517E05C-E98E-4CBA-AF4D-FB86CDB69920}.Release|x86.ActiveCfg = Release|Win32
		{3517E05C-E98E-4CBA-AF4D-FB86CDB69920}.Release|x86.Build.0 = Release|Win32
	EndGlobalSection
	GlobalSection(SolutionProperties) = preSolution
		HideSolutionNode = FALSE
	EndGlobalSection
	GlobalSection(ExtensibilityGlobals) = postSolution
		SolutionGuid = {2CF88BC7-A18A-4686-B2B8-69EE78BDE3CB}
	EndGlobalSection
EndGlobal
